
Microsoft Visual Studio Solution File, Format Version 12.00
# Visual Studio Version 17
VisualStudioVersion = 17.11.35222.181
MinimumVisualStudioVersion = 10.0.40219.1
Project("{FAE04EC0-301F-11D3-BF4B-00C04F79EFBC}") = "PLCHESerialDebugger", "PLCHESerialDebugger\PLCHESerialDebugger.csproj", "{D9FB21CA-2A01-4D70-92E0-FDCE63893EF7}"
EndProject
Global
	GlobalSection(SolutionConfigurationPlatforms) = preSolution
		Debug|Any CPU = Debug|Any CPU
		Release|Any CPU = Release|Any CPU
	EndGlobalSection
	GlobalSection(ProjectConfigurationPlatforms) = postSolution
		{D9FB21CA-2A01-4D70-92E0-FDCE63893EF7}.Debug|Any CPU.ActiveCfg = Debug|Any CPU
		{D9FB21CA-2A01-4D70-92E0-FDCE63893EF7}.Debug|Any CPU.Build.0 = Debug|Any CPU
		{D9FB21CA-2A01-4D70-92E0-FDCE63893EF7}.Release|Any CPU.ActiveCfg = Release|Any CPU
		{D9FB21CA-2A01-4D70-92E0-FDCE63893EF7}.Release|Any CPU.Build.0 = Release|Any CPU
	EndGlobalSection
	GlobalSection(SolutionProperties) = preSolution
		HideSolutionNode = FALSE
	EndGlobalSection
	GlobalSection(ExtensibilityGlobals) = postSolution
		SolutionGuid = {181B93EA-C6A8-42DE-97A9-AC996247E2CB}
	EndGlobalSection
EndGlobal
